<Solution>
  <Folder Name="/Solution/">
    <File Path="readme.md" />
  </Folder>
  <Project Path="Sample\Sample.csproj" Type="Classic C#" />
  <Project Path="src\Shiny.Maui.Shell.SourceGenerators\Shiny.Maui.Shell.SourceGenerators.csproj" Type="Classic C#" />
  <Project Path="src\Shiny.Maui.Shell\Shiny.Maui.Shell.csproj" Type="Classic C#" />
</Solution>